// !$*UTF8*$!
{
	archiveVersion = 1;
	classes = {
	};
	objectVersion = 46;
	objects = {

/* Begin PBXBuildFile section */
		0031599C1D58E92200C705B2 /* ViewController.swift in Sources */ = {isa = PBXBuildFile; fileRef = 0031599B1D58E92200C705B2 /* ViewController.swift */; };
		0031599F1D58E92200C705B2 /* Main.storyboard in Resources */ = {isa = PBXBuildFile; fileRef = 0031599D1D58E92200C705B2 /* Main.storyboard */; };
		003159A11D58E92200C705B2 /* Assets.xcassets in Resources */ = {isa = PBXBuildFile; fileRef = 003159A01D58E92200C705B2 /* Assets.xcassets */; };
		003159A41D58E92200C705B2 /* LaunchScreen.storyboard in Resources */ = {isa = PBXBuildFile; fileRef = 003159A21D58E92200C705B2 /* LaunchScreen.storyboard */; };
		0070A2C51D5992A3003BAADE /* WWTimeflow.swift in Sources */ = {isa = PBXBuildFile; fileRef = 0070A2C41D5992A3003BAADE /* WWTimeflow.swift */; };
		00CFBF831D89299B00D58155 /* AppDelegate.swift in Sources */ = {isa = PBXBuildFile; fileRef = 00CFBF821D89299B00D58155 /* AppDelegate.swift */; };
/* End PBXBuildFile section */

/* Begin PBXFileReference section */
		003159961D58E92100C705B2 /* WWTimeflow.app */ = {isa = PBXFileReference; explicitFileType = wrapper.application; includeInIndex = 0; path = WWTimeflow.app; sourceTree = BUILT_PRODUCTS_DIR; };
		0031599B1D58E92200C705B2 /* ViewController.swift */ = {isa = PBXFileReference; lastKnownFileType = sourcecode.swift; path = ViewController.swift; sourceTree = "<group>"; };
		0031599E1D58E92200C705B2 /* Base */ = {isa = PBXFileReference; lastKnownFileType = file.storyboard; name = Base; path = Base.lproj/Main.storyboard; sourceTree = "<group>"; };
		003159A01D58E92200C705B2 /* Assets.xcassets */ = {isa = PBXFileReference; lastKnownFileType = folder.assetcatalog; path = Assets.xcassets; sourceTree = "<group>"; };
		003159A31D58E92200C705B2 /* Base */ = {isa = PBXFileReference; lastKnownFileType = file.storyboard; name = Base; path = Base.lproj/LaunchScreen.storyboard; sourceTree = "<group>"; };
		003159A51D58E92200C705B2 /* Info.plist */ = {isa = PBXFileReference; lastKnownFileType = text.plist.xml; path = Info.plist; sourceTree = "<group>"; };
		0070A2C41D5992A3003BAADE /* WWTimeflow.swift */ = {isa = PBXFileReference; fileEncoding = 4; lastKnownFileType = sourcecode.swift; name = WWTimeflow.swift; path = Sources/WWTimeflow.swift; sourceTree = SOURCE_ROOT; };
		00CFBF821D89299B00D58155 /* AppDelegate.swift */ = {isa = PBXFileReference; fileEncoding = 4; lastKnownFileType = sourcecode.swift; path = AppDelegate.swift; sourceTree = "<group>"; };
/* End PBXFileReference section */

/* Begin PBXFrameworksBuildPhase section */
		003159931D58E92100C705B2 /* Frameworks */ = {
			isa = PBXFrameworksBuildPhase;
			buildActionMask = 2147483647;
			files = (
			);
			runOnlyForDeploymentPostprocessing = 0;
		};
/* End PBXFrameworksBuildPhase section */

/* Begin PBXGroup section */
		0031598D1D58E92100C705B2 = {
			isa = PBXGroup;
			children = (
				003159981D58E92200C705B2 /* WWTimeflow */,
				003159971D58E92100C705B2 /* Products */,
			);
			sourceTree = "<group>";
		};
		003159971D58E92100C705B2 /* Products */ = {
			isa = PBXGroup;
			children = (
				003159961D58E92100C705B2 /* WWTimeflow.app */,
			);
			name = Products;
			sourceTree = "<group>";
		};
		003159981D58E92200C705B2 /* WWTimeflow */ = {
			isa = PBXGroup;
			children = (
				003159AB1D58E99E00C705B2 /* Sources */,
				00CFBF821D89299B00D58155 /* AppDelegate.swift */,
				0031599B1D58E92200C705B2 /* ViewController.swift */,
				0031599D1D58E92200C705B2 /* Main.storyboard */,
				003159A01D58E92200C705B2 /* Assets.xcassets */,
				003159A21D58E92200C705B2 /* LaunchScreen.storyboard */,
				003159A51D58E92200C705B2 /* Info.plist */,
			);
			path = WWTimeflow;
			sourceTree = "<group>";
		};
		003159AB1D58E99E00C705B2 /* Sources */ = {
			isa = PBXGroup;
			children = (
				0070A2C41D5992A3003BAADE /* WWTimeflow.swift */,
			);
			name = Sources;
			sourceTree = "<group>";
		};
/* End PBXGroup section */

/* Begin PBXNativeTarget section */
		003159951D58E92100C705B2 /* WWTimeflow */ = {
			isa = PBXNativeTarget;
			buildConfigurationList = 003159A81D58E92200C705B2 /* Build configuration list for PBXNativeTarget "WWTimeflow" */;
			buildPhases = (
				003159921D58E92100C705B2 /* Sources */,
				003159931D58E92100C705B2 /* Frameworks */,
				003159941D58E92100C705B2 /* Resources */,
			);
			buildRules = (
			);
			dependencies = (
			);
			name = WWTimeflow;
			productName = WWTimeflow;
			productReference = 003159961D58E92100C705B2 /* WWTimeflow.app */;
			productType = "com.apple.product-type.application";
		};
/* End PBXNativeTarget section */

/* Begin PBXProject section */
		0031598E1D58E92100C705B2 /* Project object */ = {
			isa = PBXProject;
			attributes = {
				LastSwiftUpdateCheck = 0730;
				LastUpgradeCheck = 0800;
				ORGANIZATIONNAME = Wonder;
				TargetAttributes = {
					003159951D58E92100C705B2 = {
						CreatedOnToolsVersion = 7.3.1;
						DevelopmentTeam = Q6Z46ZL2W7;
						LastSwiftMigration = 0800;
						ProvisioningStyle = Automatic;
					};
				};
			};
			buildConfigurationList = 003159911D58E92100C705B2 /* Build configuration list for PBXProject "WWTimeflow" */;
			compatibilityVersion = "Xcode 3.2";
			developmentRegion = English;
			hasScannedForEncodings = 0;
			knownRegions = (
				en,
				Base,
			);
			mainGroup = 0031598D1D58E92100C705B2;
			productRefGroup = 003159971D58E92100C705B2 /* Products */;
			projectDirPath = "";
			projectRoot = "";
			targets = (
				003159951D58E92100C705B2 /* WWTimeflow */,
			);
		};
/* End PBXProject section */

/* Begin PBXResourcesBuildPhase section */
		003159941D58E92100C705B2 /* Resources */ = {
			isa = PBXResourcesBuildPhase;
			buildActionMask = 2147483647;
			files = (
				003159A41D58E92200C705B2 /* LaunchScreen.storyboard in Resources */,
				003159A11D58E92200C705B2 /* Assets.xcassets in Resources */,
				0031599F1D58E92200C705B2 /* Main.storyboard in Resources */,
			);
			runOnlyForDeploymentPostprocessing = 0;
		};
/* End PBXResourcesBuildPhase section */

/* Begin PBXSourcesBuildPhase section */
		003159921D58E92100C705B2 /* Sources */ = {
			isa = PBXSourcesBuildPhase;
			buildActionMask = 2147483647;
			files = (
				00CFBF831D89299B00D58155 /* AppDelegate.swift in Sources */,
				0070A2C51D5992A3003BAADE /* WWTimeflow.swift in Sources */,
				0031599C1D58E92200C705B2 /* ViewController.swift in Sources */,
			);
			runOnlyForDeploymentPostprocessing = 0;
		};
/* End PBXSourcesBuildPhase section */

/* Begin PBXVariantGroup section */
		0031599D1D58E92200C705B2 /* Main.storyboard */ = {
			isa = PBXVariantGroup;
			children = (
				0031599E1D58E92200C705B2 /* Base */,
			);
			name = Main.storyboard;
			sourceTree = "<group>";
		};
		003159A21D58E92200C705B2 /* LaunchScreen.storyboard */ = {
			isa = PBXVariantGroup;
			children = (
				003159A31D58E92200C705B2 /* Base */,
			);
			name = LaunchScreen.storyboard;
			sourceTree = "<group>";
		};
/* End PBXVariantGroup section */

/* Begin XCBuildConfiguration section */
		003159A61D58E92200C705B2 /* Debug */ = {
			isa = XCBuildConfiguration;
			buildSettings = {
				ALWAYS_SEARCH_USER_PATHS = NO;
				CLANG_ANALYZER_NONNULL = YES;
				CLANG_CXX_LANGUAGE_STANDARD = "gnu++0x";
				CLANG_CXX_LIBRARY = "libc++";
				CLANG_ENABLE_MODULES = YES;
				CLANG_ENABLE_OBJC_ARC = YES;
				CLANG_WARN_BOOL_CONVERSION = YES;
				CLANG_WARN_CONSTANT_CONVERSION = YES;
				CLANG_WARN_DIRECT_OBJC_ISA_USAGE = YES_ERROR;
				CLANG_WARN_EMPTY_BODY = YES;
				CLANG_WARN_ENUM_CONVERSION = YES;
				CLANG_WARN_INFINITE_RECURSION = YES;
				CLANG_WARN_INT_CONVERSION = YES;
				CLANG_WARN_OBJC_ROOT_CLASS = YES_ERROR;
				CLANG_WARN_SUSPICIOUS_MOVE = YES;
				CLANG_WARN_UNREACHABLE_CODE = YES;
				CLANG_WARN__DUPLICATE_METHOD_MATCH = YES;
				"CODE_SIGN_IDENTITY[sdk=iphoneos*]" = "iPhone Developer";
				COPY_PHASE_STRIP = NO;
				DEBUG_INFORMATION_FORMAT = dwarf;
				ENABLE_STRICT_OBJC_MSGSEND = YES;
				ENABLE_TESTABILITY = YES;
				GCC_C_LANGUAGE_STANDARD = gnu99;
				GCC_DYNAMIC_NO_PIC = NO;
				GCC_NO_COMMON_BLOCKS = YES;
				GCC_OPTIMIZATION_LEVEL = 0;
				GCC_PREPROCESSOR_DEFINITIONS = (
					"DEBUG=1",
					"$(inherited)",
				);
				GCC_WARN_64_TO_32_BIT_CONVERSION = YES;
				GCC_WARN_ABOUT_RETURN_TYPE = YES_ERROR;
				GCC_WARN_UNDECLARED_SELECTOR = YES;
				GCC_WARN_UNINITIALIZED_AUTOS = YES_AGGRESSIVE;
				GCC_WARN_UNUSED_FUNCTION = YES;
				GCC_WARN_UNUSED_VARIABLE = YES;
				IPHONEOS_DEPLOYMENT_TARGET = 9.0;
				MTL_ENABLE_DEBUG_INFO = YES;
				ONLY_ACTIVE_ARCH = YES;
				SDKROOT = iphoneos;
				SWIFT_OPTIMIZATION_LEVEL = "-Onone";
				TARGETED_DEVICE_FAMILY = "1,2";
			};
			name = Debug;
		};
		003159A71D58E92200C705B2 /* Release */ = {
			isa = XCBuildConfiguration;
			buildSettings = {
				ALWAYS_SEARCH_USER_PATHS = NO;
				CLANG_ANALYZER_NONNULL = YES;
				CLANG_CXX_LANGUAGE_STANDARD = "gnu++0x";
				CLANG_CXX_LIBRARY = "libc++";
				CLANG_ENABLE_MODULES = YES;
				CLANG_ENABLE_OBJC_ARC = YES;
				CLANG_WARN_BOOL_CONVERSION = YES;
				CLANG_WARN_CONSTANT_CONVERSION = YES;
				CLANG_WARN_DIRECT_OBJC_ISA_USAGE = YES_ERROR;
				CLANG_WARN_EMPTY_BODY = YES;
				CLANG_WARN_ENUM_CONVERSION = YES;
				CLANG_WARN_INFINITE_RECURSION = YES;
				CLANG_WARN_INT_CONVERSION = YES;
				CLANG_WARN_OBJC_ROOT_CLASS = YES_ERROR;
				CLANG_WARN_SUSPICIOUS_MOVE = YES;
				CLANG_WARN_UNREACHABLE_CODE = YES;
				CLANG_WARN__DUPLICATE_METHOD_MATCH = YES;
				"CODE_SIGN_IDENTITY[sdk=iphoneos*]" = "iPhone Developer";
				COPY_PHASE_STRIP = NO;
				DEBUG_INFORMATION_FORMAT = "dwarf-with-dsym";
				ENABLE_NS_ASSERTIONS = NO;
				ENABLE_STRICT_OBJC_MSGSEND = YES;
				GCC_C_LANGUAGE_STANDARD = gnu99;
				GCC_NO_COMMON_BLOCKS = YES;
				GCC_WARN_64_TO_32_BIT_CONVERSION = YES;
				GCC_WARN_ABOUT_RETURN_TYPE = YES_ERROR;
				GCC_WARN_UNDECLARED_SELECTOR = YES;
				GCC_WARN_UNINITIALIZED_AUTOS = YES_AGGRESSIVE;
				GCC_WARN_UNUSED_FUNCTION = YES;
				GCC_WARN_UNUSED_VARIABLE = YES;
				IPHONEOS_DEPLOYMENT_TARGET = 9.0;
				MTL_ENABLE_DEBUG_INFO = NO;
				SDKROOT = iphoneos;
				SWIFT_OPTIMIZATION_LEVEL = "-Owholemodule";
				TARGETED_DEVICE_FAMILY = "1,2";
				VALIDATE_PRODUCT = YES;
			};
			name = Release;
		};
		003159A91D58E92200C705B2 /* Debug */ = {
			isa = XCBuildConfiguration;
			buildSettings = {
				ASSETCATALOG_COMPILER_APPICON_NAME = AppIcon;
				"CODE_SIGN_IDENTITY[sdk=iphoneos*]" = "iPhone Developer";
				DEVELOPMENT_TEAM = Q6Z46ZL2W7;
				INFOPLIST_FILE = WWTimeflow/Info.plist;
				LD_RUNPATH_SEARCH_PATHS = "$(inherited) @executable_path/Frameworks";
				PRODUCT_BUNDLE_IDENTIFIER = com.wonder.weilson.WWTimeflow;
				PRODUCT_NAME = "$(TARGET_NAME)";
				PROVISIONING_PROFILE = "";
				PROVISIONING_PROFILE_SPECIFIER = "";
				SWIFT_VERSION = 3.0;
			};
			name = Debug;
		};
		003159AA1D58E92200C705B2 /* Release */ = {
			isa = XCBuildConfiguration;
			buildSettings = {
				ASSETCATALOG_COMPILER_APPICON_NAME = AppIcon;
				"CODE_SIGN_IDENTITY[sdk=iphoneos*]" = "iPhone Developer";
				DEVELOPMENT_TEAM = Q6Z46ZL2W7;
				INFOPLIST_FILE = WWTimeflow/Info.plist;
				LD_RUNPATH_SEARCH_PATHS = "$(inherited) @executable_path/Frameworks";
				PRODUCT_BUNDLE_IDENTIFIER = com.wonder.weilson.WWTimeflow;
				PRODUCT_NAME = "$(TARGET_NAME)";
				PROVISIONING_PROFILE = "";
				PROVISIONING_PROFILE_SPECIFIER = "";
				SWIFT_VERSION = 3.0;
			};
			name = Release;
		};
/* End XCBuildConfiguration section */

/* Begin XCConfigurationList section */
		003159911D58E92100C705B2 /* Build configuration list for PBXProject "WWTimeflow" */ = {
			isa = XCConfigurationList;
			buildConfigurations = (
				003159A61D58E92200C705B2 /* Debug */,
				003159A71D58E92200C705B2 /* Release */,
			);
			defaultConfigurationIsVisible = 0;
			defaultConfigurationName = Release;
		};
		003159A81D58E92200C705B2 /* Build configuration list for PBXNativeTarget "WWTimeflow" */ = {
			isa = XCConfigurationList;
			buildConfigurations = (
				003159A91D58E92200C705B2 /* Debug */,
				003159AA1D58E92200C705B2 /* Release */,
			);
			defaultConfigurationIsVisible = 0;
			defaultConfigurationName = Release;
		};
/* End XCConfigurationList section */
	};
	rootObject = 0031598E1D58E92100C705B2 /* Project object */;
}
